
Microsoft Visual Studio Solution File, Format Version 12.00
# Visual Studio Version 17
VisualStudioVersion = 17.5.33530.505
MinimumVisualStudioVersion = 10.0.40219.1
Project("{9A19103F-16F7-4668-BE54-9A1E7A4F7556}") = "Umami.Web", "Umami.Web\Umami.Web.csproj", "{9C54BAD1-70A8-466E-835C-59D8FD9B69BD}"
EndProject
Project("{FAE04EC0-301F-11D3-BF4B-00C04F79EFBC}") = "Umami.Infrastructure", "Umami.Infrastructure\Umami.Infrastructure.csproj", "{836A2EFA-CC59-4BF4-9F7C-99D2E0D04DE0}"
EndProject
Project("{FAE04EC0-301F-11D3-BF4B-00C04F79EFBC}") = "Umami.Application", "Umami.Application\Umami.Application.csproj", "{E197C711-9B6C-46B7-A77E-45430970DCF0}"
EndProject
Global
	GlobalSection(SolutionConfigurationPlatforms) = preSolution
		Debug|Any CPU = Debug|Any CPU
		Release|Any CPU = Release|Any CPU
	EndGlobalSection
	GlobalSection(ProjectConfigurationPlatforms) = postSolution
		{9C54BAD1-70A8-466E-835C-59D8FD9B69BD}.Debug|Any CPU.ActiveCfg = Debug|Any CPU
		{9C54BAD1-70A8-466E-835C-59D8FD9B69BD}.Debug|Any CPU.Build.0 = Debug|Any CPU
		{9C54BAD1-70A8-466E-835C-59D8FD9B69BD}.Release|Any CPU.ActiveCfg = Release|Any CPU
		{9C54BAD1-70A8-466E-835C-59D8FD9B69BD}.Release|Any CPU.Build.0 = Release|Any CPU
		{836A2EFA-CC59-4BF4-9F7C-99D2E0D04DE0}.Debug|Any CPU.ActiveCfg = Debug|Any CPU
		{836A2EFA-CC59-4BF4-9F7C-99D2E0D04DE0}.Debug|Any CPU.Build.0 = Debug|Any CPU
		{836A2EFA-CC59-4BF4-9F7C-99D2E0D04DE0}.Release|Any CPU.ActiveCfg = Release|Any CPU
		{836A2EFA-CC59-4BF4-9F7C-99D2E0D04DE0}.Release|Any CPU.Build.0 = Release|Any CPU
		{E197C711-9B6C-46B7-A77E-45430970DCF0}.Debug|Any CPU.ActiveCfg = Debug|Any CPU
		{E197C711-9B6C-46B7-A77E-45430970DCF0}.Debug|Any CPU.Build.0 = Debug|Any CPU
		{E197C711-9B6C-46B7-A77E-45430970DCF0}.Release|Any CPU.ActiveCfg = Release|Any CPU
		{E197C711-9B6C-46B7-A77E-45430970DCF0}.Release|Any CPU.Build.0 = Release|Any CPU
	EndGlobalSection
	GlobalSection(SolutionProperties) = preSolution
		HideSolutionNode = FALSE
	EndGlobalSection
	GlobalSection(ExtensibilityGlobals) = postSolution
		SolutionGuid = {FD0ACB42-82FD-440D-B70D-B2637DDF06F0}
	EndGlobalSection
EndGlobal
